{
  "name": "elm-dot-lang",
  "lockfileVersion": 3,
  "requires": true,
  "packages": {
    "": {
      "devDependencies": {
        "elm": "0.19.3-0",
        "elm-format": "0.8.8",
        "elm-test-rs": "3.2.0-0"
      }
    },
    "node_modules/@avh4/elm-format-darwin-arm64": {
      "version": "0.8.8-1",
      "resolved": "https://registry.npmjs.org/@avh4/elm-format-darwin-arm64/-/elm-format-darwin-arm64-0.8.8-1.tgz",
      "integrity": "sha512-VDu3CRajhB/Sax+CEU4PhIzErBZv8vVxbk9Sk8seUHa1ngfICa3Ejoq3PhnoOFKYF1v1sSxNOC2RnUzvd/9bUw==",
      "cpu": [
        "arm64"
      ],
      "dev": true,
      "license": "BSD-3-Clause",
      "optional": true,
      "os": [
        "darwin"
      ]
    },
    "node_modules/@avh4/elm-format-darwin-x64": {
      "version": "0.8.8-1",
      "resolved": "https://registry.npmjs.org/@avh4/elm-format-darwin-x64/-/elm-format-darwin-x64-0.8.8-1.tgz",
      "integrity": "sha512-9NAzi3HUBSHEIx3Nje+a6wFcv6RDKv2PO0OUNcV/XlS4Sou3r89xsYAVAXS8mi4+CKTdscyfSSkgGd8qiCCxAw==",
      "cpu": [
        "x64"
      ],
      "dev": true,
      "license": "BSD-3-Clause",
      "optional": true,
      "os": [
        "darwin"
      ]
    },
    "node_modules/@avh4/elm-format-linux-arm64": {
      "version": "0.8.8-1",
      "resolved": "https://registry.npmjs.org/@avh4/elm-format-linux-arm64/-/elm-format-linux-arm64-0.8.8-1.tgz",
      "integrity": "sha512-VNuXYphgxtnk7Gw+VBgWBeA9k8wKSo9r/O2F7udgurokYLO8S+RGhLHgD9mb6Yecv/veWz4v9n/O0IggH/BOCQ==",
      "cpu": [
        "arm64"
      ],
      "dev": true,
      "license": "BSD-3-Clause",
      "optional": true,
      "os": [
        "linux"
      ]
    },
    "node_modules/@avh4/elm-format-linux-x64": {
      "version": "0.8.8-1",
      "resolved": "https://registry.npmjs.org/@avh4/elm-format-linux-x64/-/elm-format-linux-x64-0.8.8-1.tgz",
      "integrity": "sha512-IvtmUTDw/V5mBeglLgtQMzWZPc0QvmqUmoJ+vipxYii3DJ/1KV2drtpvlLuFdBlFrehUivtrh4HhOTsdGXxyXQ==",
      "cpu": [
        "x64"
      ],
      "dev": true,
      "license": "BSD-3-Clause",
      "optional": true,
      "os": [
        "linux"
      ]
    },
    "node_modules/@avh4/elm-format-win32-x64": {
      "version": "0.8.8-1",
      "resolved": "https://registry.npmjs.org/@avh4/elm-format-win32-x64/-/elm-format-win32-x64-0.8.8-1.tgz",
      "integrity": "sha512-qGYZM2oJFSVQ80Tayk1v15ba7PWCU3B89EkA3Fy4YQasvtA+UrYYR5Bv7MRF4kn6Zp7oSDk4FhknURFsZWZ7kg==",
      "cpu": [
        "x64"
      ],
      "dev": true,
      "license": "BSD-3-Clause",
      "optional": true,
      "os": [
        "win32"
      ]
    },
    "node_modules/@elm_binaries/darwin_arm64": {
      "version": "0.19.3-0",
      "resolved": "https://registry.npmjs.org/@elm_binaries/darwin_arm64/-/darwin_arm64-0.19.3-0.tgz",
      "integrity": "sha512-Kp6w7gkwm9y2aoR3LK93J5UteHkqDd+l1xsnxdg6C6PDkC/djD1qqS3o02Z9ajkFjbgGezARfpwOp/efbqKLOQ==",
      "cpu": [
        "arm64"
      ],
      "dev": true,
      "license": "BSD-3-Clause",
      "optional": true,
      "os": [
        "darwin"
      ]
    },
    "node_modules/@elm_binaries/darwin_x64": {
      "version": "0.19.3-0",
      "resolved": "https://registry.npmjs.org/@elm_binaries/darwin_x64/-/darwin_x64-0.19.3-0.tgz",
      "integrity": "sha512-sAoiyg/fcwbhQzep0dpoV54y8qIVGRHjDssgTBI6hsptLJfQcCXmcNyvwJNqYeXqBYMMPw1fxlna2QFfXVwdvA==",
      "cpu": [
        "x64"
      ],
      "dev": true,
      "license": "BSD-3-Clause",
      "optional": true,
      "os": [
        "darwin"
      ]
    },
    "node_modules/@elm_binaries/linux_arm64": {
      "version": "0.19.3-0",
      "resolved": "https://registry.npmjs.org/@elm_binaries/linux_arm64/-/linux_arm64-0.19.3-0.tgz",
      "integrity": "sha512-MRIBxYsHw3jyjXBFRcawADDVM+zn3RqgPPfmHLbhvRDBXrNfbIH1iXh0jMBH4ykBOtGvihk2UGvP0LAwytrOjA==",
      "cpu": [
        "arm64"
      ],
      "dev": true,
      "license": "BSD-3-Clause",
      "optional": true,
      "os": [
        "linux"
      ]
    },
    "node_modules/@elm_binaries/linux_x64": {
      "version": "0.19.3-0",
      "resolved": "https://registry.npmjs.org/@elm_binaries/linux_x64/-/linux_x64-0.19.3-0.tgz",
      "integrity": "sha512-x+WXNkRZUOuyGPdcRo137rNW1+7KBVXLf2L9oul21tj3MKpE7HC7Kl5VpyWj859YLdYv9M42S2O6YiO9t+MJeQ==",
      "cpu": [
        "x64"
      ],
      "dev": true,
      "license": "BSD-3-Clause",
      "optional": true,
      "os": [
        "linux"
      ]
    },
    "node_modules/@elm_binaries/win32_x64": {
      "version": "0.19.3-0",
      "resolved": "https://registry.npmjs.org/@elm_binaries/win32_x64/-/win32_x64-0.19.3-0.tgz",
      "integrity": "sha512-spoFyfLUq5+sFCuTei3nGgslYMnxuZJAbto/mBd5jbFgZqaf+GGmmuW49YlvMI///S7G+VFR4fn3bgRZJJ1Q7w==",
      "cpu": [
        "x64"
      ],
      "dev": true,
      "license": "BSD-3-Clause",
      "optional": true,
      "os": [
        "win32"
      ]
    },
    "node_modules/@mattpiz/elm-test-rs-darwin-arm64": {
      "version": "3.2.0-0",
      "resolved": "https://registry.npmjs.org/@mattpiz/elm-test-rs-darwin-arm64/-/elm-test-rs-darwin-arm64-3.2.0-0.tgz",
      "integrity": "sha512-S3IiCAruDI/4aBr3XtItbc6hABxLTndI5eRUrUD+FO4YBewaEBOhYfzQ02UtfkKAT3oDnqH7TNzRJiyhXAf6FA==",
      "cpu": [
        "arm64"
      ],
      "dev": true,
      "license": "BSD-3-Clause",
      "optional": true,
      "os": [
        "darwin"
      ]
    },
    "node_modules/@mattpiz/elm-test-rs-darwin-x64": {
      "version": "3.2.0-0",
      "resolved": "https://registry.npmjs.org/@mattpiz/elm-test-rs-darwin-x64/-/elm-test-rs-darwin-x64-3.2.0-0.tgz",
      "integrity": "sha512-OrULwzIm+8II/lIuxlakT32wnzNU6KZ/UbkkYIkORllLfBsaMmit6Pk08FmNgGroUZ4uYaqfLMFrx5KsgVxE2g==",
      "cpu": [
        "x64"
      ],
      "dev": true,
      "license": "BSD-3-Clause",
      "optional": true,
      "os": [
        "darwin"
      ]
    },
    "node_modules/@mattpiz/elm-test-rs-linux-arm": {
      "version": "3.2.0-0",
      "resolved": "https://registry.npmjs.org/@mattpiz/elm-test-rs-linux-arm/-/elm-test-rs-linux-arm-3.2.0-0.tgz",
      "integrity": "sha512-JUcda6mf5SVxmVvHO+9yybjUfpUjE0sOYvXwFUJNdP/gGzWyMku2UbnD/RC25l4n2fJDVNXcsuhGe/8ypEe8hA==",
      "cpu": [
        "arm"
      ],
      "dev": true,
      "license": "BSD-3-Clause",
      "optional": true,
      "os": [
        "linux"
      ]
    },
    "node_modules/@mattpiz/elm-test-rs-linux-arm64": {
      "version": "3.2.0-0",
      "resolved": "https://registry.npmjs.org/@mattpiz/elm-test-rs-linux-arm64/-/elm-test-rs-linux-arm64-3.2.0-0.tgz",
      "integrity": "sha512-XRt7Se2ksJdliiSuRa6Cij10KlxyeTcWubRxQrnkWrqfHQLayprsg+QZPYx69DR7kNxZSjHY1OxcelPTX9ayZA==",
      "cpu": [
        "arm64"
      ],
      "dev": true,
      "license": "BSD-3-Clause",
      "optional": true,
      "os": [
        "linux"
      ]
    },
    "node_modules/@mattpiz/elm-test-rs-linux-x64": {
      "version": "3.2.0-0",
      "resolved": "https://registry.npmjs.org/@mattpiz/elm-test-rs-linux-x64/-/elm-test-rs-linux-x64-3.2.0-0.tgz",
      "integrity": "sha512-9SG9UlzeXzpF4RjFLF0sO1IdWrDdRtaxk8aTh7nqqkMY2E2ItZsFJWm7EP0PXFTvQeWnp0JNXQ6q8raHkc4QLg==",
      "cpu": [
        "x64"
      ],
      "dev": true,
      "license": "BSD-3-Clause",
      "optional": true,
      "os": [
        "linux"
      ]
    },
    "node_modules/@mattpiz/elm-test-rs-win32-x64": {
      "version": "3.2.0-0",
      "resolved": "https://registry.npmjs.org/@mattpiz/elm-test-rs-win32-x64/-/elm-test-rs-win32-x64-3.2.0-0.tgz",
      "integrity": "sha512-G7ZjdzFJ/HOxUhlEBM7nnzzoM6KS6jDPROmY9Tg0zPO02+MN3/qWHwIg+W7IBo4mhTuaIHgIfRhkOz35OLj5rQ==",
      "cpu": [
        "x64"
      ],
      "dev": true,
      "license": "BSD-3-Clause",
      "optional": true,
      "os": [
        "win32"
      ]
    },
    "node_modules/elm": {
      "version": "0.19.3-0",
      "resolved": "https://registry.npmjs.org/elm/-/elm-0.19.3-0.tgz",
      "integrity": "sha512-k7M033Vbzsi4w7G0kByQToRnVK5yaEddzNXTZynRXaJYzwhMI17RRP7GGxdieiIL5kurl2w07ht6/4yQudJ9HA==",
      "dev": true,
      "hasInstallScript": true,
      "license": "BSD-3-Clause",
      "bin": {
        "elm": "bin/elm"
      },
      "engines": {
        "node": ">=7.0.0"
      },
      "optionalDependencies": {
        "@elm_binaries/darwin_arm64": "0.19.3-0",
        "@elm_binaries/darwin_x64": "0.19.3-0",
        "@elm_binaries/linux_arm64": "0.19.3-0",
        "@elm_binaries/linux_x64": "0.19.3-0",
        "@elm_binaries/win32_x64": "0.19.3-0"
      }
    },
    "node_modules/elm-format": {
      "version": "0.8.8",
      "resolved": "https://registry.npmjs.org/elm-format/-/elm-format-0.8.8.tgz",
      "integrity": "sha512-OJYUtVnepuy8UZdnL5OCjSxUY5+dIGP2NdWTB6icxVVOOH0b8MpJIijTPsGW+ztnv9yzSoTK0dhCuVDh+AGhNQ==",
      "dev": true,
      "hasInstallScript": true,
      "license": "BSD-3-Clause",
      "bin": {
        "elm-format": "bin/elm-format"
      },
      "optionalDependencies": {
        "@avh4/elm-format-darwin-arm64": "0.8.8-1",
        "@avh4/elm-format-darwin-x64": "0.8.8-1",
        "@avh4/elm-format-linux-arm64": "0.8.8-1",
        "@avh4/elm-format-linux-x64": "0.8.8-1",
        "@avh4/elm-format-win32-x64": "0.8.8-1"
      }
    },
    "node_modules/elm-test-rs": {
      "version": "3.2.0-0",
      "resolved": "https://registry.npmjs.org/elm-test-rs/-/elm-test-rs-3.2.0-0.tgz",
      "integrity": "sha512-kvuLTzDueRwDWiV9emVUUeJ6taeGZnSFYDTMDbYvBZ6U6oqRDC78SvqV7f2Pr0CLBo9e93/c2yRE2EokCSj/qw==",
      "dev": true,
      "hasInstallScript": true,
      "license": "BSD-3-Clause",
      "bin": {
        "elm-test-rs": "elm-test-rs.js"
      },
      "optionalDependencies": {
        "@mattpiz/elm-test-rs-darwin-arm64": "3.2.0-0",
        "@mattpiz/elm-test-rs-darwin-x64": "3.2.0-0",
        "@mattpiz/elm-test-rs-linux-arm": "3.2.0-0",
        "@mattpiz/elm-test-rs-linux-arm64": "3.2.0-0",
        "@mattpiz/elm-test-rs-linux-x64": "3.2.0-0",
        "@mattpiz/elm-test-rs-win32-x64": "3.2.0-0"
      }
    }
  }
}
